// !$*UTF8*$!
{
	archiveVersion = 1;
	classes = {
	};
	objectVersion = 46;
	objects = {

/* Begin PBXBuildFile section */
		2BA8F44474368D0986AE4CB4 /* Pods_TwTNews_WatchKit_App.framework in Frameworks */ = {isa = PBXBuildFile; fileRef = 89FEE215777F7CE5990DFA12 /* Pods_TwTNews_WatchKit_App.framework */; };
		367D20171E3623FF00AEC6AD /* AppDelegate.swift in Sources */ = {isa = PBXBuildFile; fileRef = 367D20161E3623FF00AEC6AD /* AppDelegate.swift */; };
		367D20191E3623FF00AEC6AD /* ViewController.swift in Sources */ = {isa = PBXBuildFile; fileRef = 367D20181E3623FF00AEC6AD /* ViewController.swift */; };
		367D201C1E3623FF00AEC6AD /* Main.storyboard in Resources */ = {isa = PBXBuildFile; fileRef = 367D201A1E3623FF00AEC6AD /* Main.storyboard */; };
		367D201E1E3623FF00AEC6AD /* Assets.xcassets in Resources */ = {isa = PBXBuildFile; fileRef = 367D201D1E3623FF00AEC6AD /* Assets.xcassets */; };
		367D20211E3623FF00AEC6AD /* LaunchScreen.storyboard in Resources */ = {isa = PBXBuildFile; fileRef = 367D201F1E3623FF00AEC6AD /* LaunchScreen.storyboard */; };
		367D20261E3623FF00AEC6AD /* TwTNews WatchKit App.app in Embed Watch Content */ = {isa = PBXBuildFile; fileRef = 367D20251E3623FF00AEC6AD /* TwTNews WatchKit App.app */; };
		367D202C1E3623FF00AEC6AD /* Interface.storyboard in Resources */ = {isa = PBXBuildFile; fileRef = 367D202A1E3623FF00AEC6AD /* Interface.storyboard */; };
		367D202E1E3623FF00AEC6AD /* Assets.xcassets in Resources */ = {isa = PBXBuildFile; fileRef = 367D202D1E3623FF00AEC6AD /* Assets.xcassets */; };
		367D20351E3623FF00AEC6AD /* TwTNews WatchKit Extension.appex in Embed App Extensions */ = {isa = PBXBuildFile; fileRef = 367D20341E3623FF00AEC6AD /* TwTNews WatchKit Extension.appex */; settings = {ATTRIBUTES = (RemoveHeadersOnCopy, ); }; };
		367D203C1E3623FF00AEC6AD /* InterfaceController.swift in Sources */ = {isa = PBXBuildFile; fileRef = 367D203B1E3623FF00AEC6AD /* InterfaceController.swift */; };
		367D203E1E3623FF00AEC6AD /* ExtensionDelegate.swift in Sources */ = {isa = PBXBuildFile; fileRef = 367D203D1E3623FF00AEC6AD /* ExtensionDelegate.swift */; };
		367D20401E3623FF00AEC6AD /* NotificationController.swift in Sources */ = {isa = PBXBuildFile; fileRef = 367D203F1E3623FF00AEC6AD /* NotificationController.swift */; };
		367D20421E3623FF00AEC6AD /* Assets.xcassets in Resources */ = {isa = PBXBuildFile; fileRef = 367D20411E3623FF00AEC6AD /* Assets.xcassets */; };
		369112D11E362F000003FBE6 /* TableInterfaceController.swift in Sources */ = {isa = PBXBuildFile; fileRef = 369112D01E362F000003FBE6 /* TableInterfaceController.swift */; };
		369112D31E3632010003FBE6 /* NewsInterfaceController.swift in Sources */ = {isa = PBXBuildFile; fileRef = 369112D21E3632010003FBE6 /* NewsInterfaceController.swift */; };
		369112D51E36408B0003FBE6 /* rowController.swift in Sources */ = {isa = PBXBuildFile; fileRef = 369112D41E36408B0003FBE6 /* rowController.swift */; };
		369112DB1E3642080003FBE6 /* NewsModel.swift in Sources */ = {isa = PBXBuildFile; fileRef = 369112DA1E3642080003FBE6 /* NewsModel.swift */; };
		36D41DD11E365A8D00D22CDD /* NewsDetailController.swift in Sources */ = {isa = PBXBuildFile; fileRef = 36D41DD01E365A8D00D22CDD /* NewsDetailController.swift */; };
		36D41DD31E36694200D22CDD /* AppIcon.png in Resources */ = {isa = PBXBuildFile; fileRef = 36D41DD21E36694200D22CDD /* AppIcon.png */; };
		36D41DD41E36694200D22CDD /* AppIcon.png in Resources */ = {isa = PBXBuildFile; fileRef = 36D41DD21E36694200D22CDD /* AppIcon.png */; };
		36D41DD51E36694200D22CDD /* AppIcon.png in Resources */ = {isa = PBXBuildFile; fileRef = 36D41DD21E36694200D22CDD /* AppIcon.png */; };
		36E2E2E81E3BA1DB00CCCE79 /* GPARowView.swift in Sources */ = {isa = PBXBuildFile; fileRef = 36E2E2E71E3BA1DB00CCCE79 /* GPARowView.swift */; };
		36E2E2EA1E3BA2E900CCCE79 /* GPAHelper.swift in Sources */ = {isa = PBXBuildFile; fileRef = 36E2E2E91E3BA2E900CCCE79 /* GPAHelper.swift */; };
		36F0CA911E3A48B80041AEDE /* GPATableController.swift in Sources */ = {isa = PBXBuildFile; fileRef = 36F0CA901E3A48B80041AEDE /* GPATableController.swift */; };
		3887FDBF77AFC0A82DA1369D /* Pods_TwTNews.framework in Frameworks */ = {isa = PBXBuildFile; fileRef = C0207EAC3020EDE571DB1D1A /* Pods_TwTNews.framework */; };
		A0456076BEF1FBB5A637C3B9 /* Pods_TwTNews_WatchKit_Extension.framework in Frameworks */ = {isa = PBXBuildFile; fileRef = 25B38BF5C0EF02E595447F09 /* Pods_TwTNews_WatchKit_Extension.framework */; };
/* End PBXBuildFile section */

/* Begin PBXContainerItemProxy section */
		367D20271E3623FF00AEC6AD /* PBXContainerItemProxy */ = {
			isa = PBXContainerItemProxy;
			containerPortal = 367D200B1E3623FF00AEC6AD /* Project object */;
			proxyType = 1;
			remoteGlobalIDString = 367D20241E3623FF00AEC6AD;
			remoteInfo = "TwTNews WatchKit App";
		};
		367D20361E3623FF00AEC6AD /* PBXContainerItemProxy */ = {
			isa = PBXContainerItemProxy;
			containerPortal = 367D200B1E3623FF00AEC6AD /* Project object */;
			proxyType = 1;
			remoteGlobalIDString = 367D20331E3623FF00AEC6AD;
			remoteInfo = "TwTNews WatchKit Extension";
		};
/* End PBXContainerItemProxy section */

/* Begin PBXCopyFilesBuildPhase section */
		367D20491E3623FF00AEC6AD /* Embed App Extensions */ = {
			isa = PBXCopyFilesBuildPhase;
			buildActionMask = 2147483647;
			dstPath = "";
			dstSubfolderSpec = 13;
			files = (
				367D20351E3623FF00AEC6AD /* TwTNews WatchKit Extension.appex in Embed App Extensions */,
			);
			name = "Embed App Extensions";
			runOnlyForDeploymentPostprocessing = 0;
		};
		367D204D1E3623FF00AEC6AD /* Embed Watch Content */ = {
			isa = PBXCopyFilesBuildPhase;
			buildActionMask = 2147483647;
			dstPath = "$(CONTENTS_FOLDER_PATH)/Watch";
			dstSubfolderSpec = 16;
			files = (
				367D20261E3623FF00AEC6AD /* TwTNews WatchKit App.app in Embed Watch Content */,
			);
			name = "Embed Watch Content";
			runOnlyForDeploymentPostprocessing = 0;
		};
/* End PBXCopyFilesBuildPhase section */

/* Begin PBXFileReference section */
		25B38BF5C0EF02E595447F09 /* Pods_TwTNews_WatchKit_Extension.framework */ = {isa = PBXFileReference; explicitFileType = wrapper.framework; includeInIndex = 0; path = Pods_TwTNews_WatchKit_Extension.framework; sourceTree = BUILT_PRODUCTS_DIR; };
		367D20131E3623FF00AEC6AD /* TwTNews.app */ = {isa = PBXFileReference; explicitFileType = wrapper.application; includeInIndex = 0; path = TwTNews.app; sourceTree = BUILT_PRODUCTS_DIR; };
		367D20161E3623FF00AEC6AD /* AppDelegate.swift */ = {isa = PBXFileReference; lastKnownFileType = sourcecode.swift; path = AppDelegate.swift; sourceTree = "<group>"; };
		367D20181E3623FF00AEC6AD /* ViewController.swift */ = {isa = PBXFileReference; lastKnownFileType = sourcecode.swift; path = ViewController.swift; sourceTree = "<group>"; };
		367D201B1E3623FF00AEC6AD /* Base */ = {isa = PBXFileReference; lastKnownFileType = file.storyboard; name = Base; path = Base.lproj/Main.storyboard; sourceTree = "<group>"; };
		367D201D1E3623FF00AEC6AD /* Assets.xcassets */ = {isa = PBXFileReference; lastKnownFileType = folder.assetcatalog; path = Assets.xcassets; sourceTree = "<group>"; };
		367D20201E3623FF00AEC6AD /* Base */ = {isa = PBXFileReference; lastKnownFileType = file.storyboard; name = Base; path = Base.lproj/LaunchScreen.storyboard; sourceTree = "<group>"; };
		367D20221E3623FF00AEC6AD /* Info.plist */ = {isa = PBXFileReference; lastKnownFileType = text.plist.xml; path = Info.plist; sourceTree = "<group>"; };
		367D20251E3623FF00AEC6AD /* TwTNews WatchKit App.app */ = {isa = PBXFileReference; explicitFileType = wrapper.application; includeInIndex = 0; path = "TwTNews WatchKit App.app"; sourceTree = BUILT_PRODUCTS_DIR; };
		367D202B1E3623FF00AEC6AD /* Base */ = {isa = PBXFileReference; lastKnownFileType = file.storyboard; name = Base; path = Base.lproj/Interface.storyboard; sourceTree = "<group>"; };
		367D202D1E3623FF00AEC6AD /* Assets.xcassets */ = {isa = PBXFileReference; lastKnownFileType = folder.assetcatalog; path = Assets.xcassets; sourceTree = "<group>"; };
		367D202F1E3623FF00AEC6AD /* Info.plist */ = {isa = PBXFileReference; lastKnownFileType = text.plist.xml; path = Info.plist; sourceTree = "<group>"; };
		367D20341E3623FF00AEC6AD /* TwTNews WatchKit Extension.appex */ = {isa = PBXFileReference; explicitFileType = "wrapper.app-extension"; includeInIndex = 0; path = "TwTNews WatchKit Extension.appex"; sourceTree = BUILT_PRODUCTS_DIR; };
		367D203A1E3623FF00AEC6AD /* PushNotificationPayload.apns */ = {isa = PBXFileReference; lastKnownFileType = text; path = PushNotificationPayload.apns; sourceTree = "<group>"; };
		367D203B1E3623FF00AEC6AD /* InterfaceController.swift */ = {isa = PBXFileReference; lastKnownFileType = sourcecode.swift; path = InterfaceController.swift; sourceTree = "<group>"; };
		367D203D1E3623FF00AEC6AD /* ExtensionDelegate.swift */ = {isa = PBXFileReference; lastKnownFileType = sourcecode.swift; path = ExtensionDelegate.swift; sourceTree = "<group>"; };
		367D203F1E3623FF00AEC6AD /* NotificationController.swift */ = {isa = PBXFileReference; lastKnownFileType = sourcecode.swift; path = NotificationController.swift; sourceTree = "<group>"; };
		367D20411E3623FF00AEC6AD /* Assets.xcassets */ = {isa = PBXFileReference; lastKnownFileType = folder.assetcatalog; path = Assets.xcassets; sourceTree = "<group>"; };
		367D20431E3623FF00AEC6AD /* Info.plist */ = {isa = PBXFileReference; lastKnownFileType = text.plist.xml; path = Info.plist; sourceTree = "<group>"; };
		369112D01E362F000003FBE6 /* TableInterfaceController.swift */ = {isa = PBXFileReference; fileEncoding = 4; lastKnownFileType = sourcecode.swift; path = TableInterfaceController.swift; sourceTree = "<group>"; };
		369112D21E3632010003FBE6 /* NewsInterfaceController.swift */ = {isa = PBXFileReference; fileEncoding = 4; lastKnownFileType = sourcecode.swift; path = NewsInterfaceController.swift; sourceTree = "<group>"; };
		369112D41E36408B0003FBE6 /* rowController.swift */ = {isa = PBXFileReference; fileEncoding = 4; lastKnownFileType = sourcecode.swift; path = rowController.swift; sourceTree = "<group>"; };
		369112DA1E3642080003FBE6 /* NewsModel.swift */ = {isa = PBXFileReference; fileEncoding = 4; lastKnownFileType = sourcecode.swift; path = NewsModel.swift; sourceTree = "<group>"; };
		36D41DD01E365A8D00D22CDD /* NewsDetailController.swift */ = {isa = PBXFileReference; fileEncoding = 4; lastKnownFileType = sourcecode.swift; path = NewsDetailController.swift; sourceTree = "<group>"; };
		36D41DD21E36694200D22CDD /* AppIcon.png */ = {isa = PBXFileReference; lastKnownFileType = image.png; name = AppIcon.png; path = "../TwTNews WatchKit App/Assets.xcassets/ic_login-1.imageset/AppIcon.png"; sourceTree = "<group>"; };
		36E2E2E71E3BA1DB00CCCE79 /* GPARowView.swift */ = {isa = PBXFileReference; fileEncoding = 4; lastKnownFileType = sourcecode.swift; path = GPARowView.swift; sourceTree = "<group>"; };
		36E2E2E91E3BA2E900CCCE79 /* GPAHelper.swift */ = {isa = PBXFileReference; fileEncoding = 4; lastKnownFileType = sourcecode.swift; path = GPAHelper.swift; sourceTree = "<group>"; };
		36F0CA901E3A48B80041AEDE /* GPATableController.swift */ = {isa = PBXFileReference; fileEncoding = 4; lastKnownFileType = sourcecode.swift; path = GPATableController.swift; sourceTree = "<group>"; };
		89FEE215777F7CE5990DFA12 /* Pods_TwTNews_WatchKit_App.framework */ = {isa = PBXFileReference; explicitFileType = wrapper.framework; includeInIndex = 0; path = Pods_TwTNews_WatchKit_App.framework; sourceTree = BUILT_PRODUCTS_DIR; };
		9310B4F546FA27095D2E0100 /* Pods-TwTNews.release.xcconfig */ = {isa = PBXFileReference; includeInIndex = 1; lastKnownFileType = text.xcconfig; name = "Pods-TwTNews.release.xcconfig"; path = "Pods/Target Support Files/Pods-TwTNews/Pods-TwTNews.release.xcconfig"; sourceTree = "<group>"; };
		A8A37F93900D8923E6336A3B /* Pods-TwTNews WatchKit Extension.debug.xcconfig */ = {isa = PBXFileReference; includeInIndex = 1; lastKnownFileType = text.xcconfig; name = "Pods-TwTNews WatchKit Extension.debug.xcconfig"; path = "Pods/Target Support Files/Pods-TwTNews WatchKit Extension/Pods-TwTNews WatchKit Extension.debug.xcconfig"; sourceTree = "<group>"; };
		C0207EAC3020EDE571DB1D1A /* Pods_TwTNews.framework */ = {isa = PBXFileReference; explicitFileType = wrapper.framework; includeInIndex = 0; path = Pods_TwTNews.framework; sourceTree = BUILT_PRODUCTS_DIR; };
		CD852909970F085391B9EBB2 /* Pods-TwTNews.debug.xcconfig */ = {isa = PBXFileReference; includeInIndex = 1; lastKnownFileType = text.xcconfig; name = "Pods-TwTNews.debug.xcconfig"; path = "Pods/Target Support Files/Pods-TwTNews/Pods-TwTNews.debug.xcconfig"; sourceTree = "<group>"; };
		CE1E653B2A08A942FE88AF18 /* Pods-TwTNews WatchKit App.release.xcconfig */ = {isa = PBXFileReference; includeInIndex = 1; lastKnownFileType = text.xcconfig; name = "Pods-TwTNews WatchKit App.release.xcconfig"; path = "Pods/Target Support Files/Pods-TwTNews WatchKit App/Pods-TwTNews WatchKit App.release.xcconfig"; sourceTree = "<group>"; };
		E0EEE35714570A48778E0748 /* Pods-TwTNews WatchKit Extension.release.xcconfig */ = {isa = PBXFileReference; includeInIndex = 1; lastKnownFileType = text.xcconfig; name = "Pods-TwTNews WatchKit Extension.release.xcconfig"; path = "Pods/Target Support Files/Pods-TwTNews WatchKit Extension/Pods-TwTNews WatchKit Extension.release.xcconfig"; sourceTree = "<group>"; };
		E9D7E7AC98F1D53B009F1F07 /* Pods-TwTNews WatchKit App.debug.xcconfig */ = {isa = PBXFileReference; includeInIndex = 1; lastKnownFileType = text.xcconfig; name = "Pods-TwTNews WatchKit App.debug.xcconfig"; path = "Pods/Target Support Files/Pods-TwTNews WatchKit App/Pods-TwTNews WatchKit App.debug.xcconfig"; sourceTree = "<group>"; };
/* End PBXFileReference section */

/* Begin PBXFrameworksBuildPhase section */
		367D20101E3623FF00AEC6AD /* Frameworks */ = {
			isa = PBXFrameworksBuildPhase;
			buildActionMask = 2147483647;
			files = (
				3887FDBF77AFC0A82DA1369D /* Pods_TwTNews.framework in Frameworks */,
			);
			runOnlyForDeploymentPostprocessing = 0;
		};
		367D20311E3623FF00AEC6AD /* Frameworks */ = {
			isa = PBXFrameworksBuildPhase;
			buildActionMask = 2147483647;
			files = (
				A0456076BEF1FBB5A637C3B9 /* Pods_TwTNews_WatchKit_Extension.framework in Frameworks */,
			);
			runOnlyForDeploymentPostprocessing = 0;
		};
		83102916470C6141D0C845C1 /* Frameworks */ = {
			isa = PBXFrameworksBuildPhase;
			buildActionMask = 2147483647;
			files = (
				2BA8F44474368D0986AE4CB4 /* Pods_TwTNews_WatchKit_App.framework in Frameworks */,
			);
			runOnlyForDeploymentPostprocessing = 0;
		};
/* End PBXFrameworksBuildPhase section */

/* Begin PBXGroup section */
		367D200A1E3623FF00AEC6AD = {
			isa = PBXGroup;
			children = (
				367D20151E3623FF00AEC6AD /* TwTNews */,
				367D20291E3623FF00AEC6AD /* TwTNews WatchKit App */,
				367D20381E3623FF00AEC6AD /* TwTNews WatchKit Extension */,
				367D20141E3623FF00AEC6AD /* Products */,
				C06E174BF3628E6D0A573F81 /* Pods */,
				ED07FDF79C6DDE838478DDE2 /* Frameworks */,
			);
			sourceTree = "<group>";
		};
		367D20141E3623FF00AEC6AD /* Products */ = {
			isa = PBXGroup;
			children = (
				367D20131E3623FF00AEC6AD /* TwTNews.app */,
				367D20251E3623FF00AEC6AD /* TwTNews WatchKit App.app */,
				367D20341E3623FF00AEC6AD /* TwTNews WatchKit Extension.appex */,
			);
			name = Products;
			sourceTree = "<group>";
		};
		367D20151E3623FF00AEC6AD /* TwTNews */ = {
			isa = PBXGroup;
			children = (
				367D20161E3623FF00AEC6AD /* AppDelegate.swift */,
				367D20181E3623FF00AEC6AD /* ViewController.swift */,
				367D201A1E3623FF00AEC6AD /* Main.storyboard */,
				367D201D1E3623FF00AEC6AD /* Assets.xcassets */,
				367D201F1E3623FF00AEC6AD /* LaunchScreen.storyboard */,
				367D20221E3623FF00AEC6AD /* Info.plist */,
			);
			path = TwTNews;
			sourceTree = "<group>";
		};
		367D20291E3623FF00AEC6AD /* TwTNews WatchKit App */ = {
			isa = PBXGroup;
			children = (
				367D202A1E3623FF00AEC6AD /* Interface.storyboard */,
				367D202D1E3623FF00AEC6AD /* Assets.xcassets */,
				367D202F1E3623FF00AEC6AD /* Info.plist */,
			);
			path = "TwTNews WatchKit App";
			sourceTree = "<group>";
		};
		367D20381E3623FF00AEC6AD /* TwTNews WatchKit Extension */ = {
			isa = PBXGroup;
			children = (
				367D203D1E3623FF00AEC6AD /* ExtensionDelegate.swift */,
				367D203F1E3623FF00AEC6AD /* NotificationController.swift */,
				367D203B1E3623FF00AEC6AD /* InterfaceController.swift */,
				369112D71E3641330003FBE6 /* Controller */,
				369112D81E3641D30003FBE6 /* View */,
				369112D91E3641E60003FBE6 /* Model */,
				367D20411E3623FF00AEC6AD /* Assets.xcassets */,
				36D41DD21E36694200D22CDD /* AppIcon.png */,
				367D20431E3623FF00AEC6AD /* Info.plist */,
				367D20391E3623FF00AEC6AD /* Supporting Files */,
			);
			path = "TwTNews WatchKit Extension";
			sourceTree = "<group>";
		};
		367D20391E3623FF00AEC6AD /* Supporting Files */ = {
			isa = PBXGroup;
			children = (
				367D203A1E3623FF00AEC6AD /* PushNotificationPayload.apns */,
			);
			name = "Supporting Files";
			sourceTree = "<group>";
		};
		369112D71E3641330003FBE6 /* Controller */ = {
			isa = PBXGroup;
			children = (
				369112D01E362F000003FBE6 /* TableInterfaceController.swift */,
				369112D21E3632010003FBE6 /* NewsInterfaceController.swift */,
				36D41DD01E365A8D00D22CDD /* NewsDetailController.swift */,
				36F0CA901E3A48B80041AEDE /* GPATableController.swift */,
			);
			name = Controller;
			sourceTree = "<group>";
		};
		369112D81E3641D30003FBE6 /* View */ = {
			isa = PBXGroup;
			children = (
				369112D41E36408B0003FBE6 /* rowController.swift */,
				36E2E2E71E3BA1DB00CCCE79 /* GPARowView.swift */,
			);
			name = View;
			sourceTree = "<group>";
		};
		369112D91E3641E60003FBE6 /* Model */ = {
			isa = PBXGroup;
			children = (
				369112DA1E3642080003FBE6 /* NewsModel.swift */,
				36E2E2E91E3BA2E900CCCE79 /* GPAHelper.swift */,
			);
			name = Model;
			sourceTree = "<group>";
		};
		C06E174BF3628E6D0A573F81 /* Pods */ = {
			isa = PBXGroup;
			children = (
				CD852909970F085391B9EBB2 /* Pods-TwTNews.debug.xcconfig */,
				9310B4F546FA27095D2E0100 /* Pods-TwTNews.release.xcconfig */,
				E9D7E7AC98F1D53B009F1F07 /* Pods-TwTNews WatchKit App.debug.xcconfig */,
				CE1E653B2A08A942FE88AF18 /* Pods-TwTNews WatchKit App.release.xcconfig */,
				A8A37F93900D8923E6336A3B /* Pods-TwTNews WatchKit Extension.debug.xcconfig */,
				E0EEE35714570A48778E0748 /* Pods-TwTNews WatchKit Extension.release.xcconfig */,
			);
			name = Pods;
			sourceTree = "<group>";
		};
		ED07FDF79C6DDE838478DDE2 /* Frameworks */ = {
			isa = PBXGroup;
			children = (
				C0207EAC3020EDE571DB1D1A /* Pods_TwTNews.framework */,
				89FEE215777F7CE5990DFA12 /* Pods_TwTNews_WatchKit_App.framework */,
				25B38BF5C0EF02E595447F09 /* Pods_TwTNews_WatchKit_Extension.framework */,
			);
			name = Frameworks;
			sourceTree = "<group>";
		};
/* End PBXGroup section */

/* Begin PBXNativeTarget section */
		367D20121E3623FF00AEC6AD /* TwTNews */ = {
			isa = PBXNativeTarget;
			buildConfigurationList = 367D204E1E3623FF00AEC6AD /* Build configuration list for PBXNativeTarget "TwTNews" */;
			buildPhases = (
				B21BDCDF4291C998CB8287B3 /* [CP] Check Pods Manifest.lock */,
				367D200F1E3623FF00AEC6AD /* Sources */,
				367D20101E3623FF00AEC6AD /* Frameworks */,
				367D20111E3623FF00AEC6AD /* Resources */,
				367D204D1E3623FF00AEC6AD /* Embed Watch Content */,
				54A133CEB479FA37ED33B6F5 /* [CP] Embed Pods Frameworks */,
				B019B57D12EC13C76575CEE2 /* [CP] Copy Pods Resources */,
			);
			buildRules = (
			);
			dependencies = (
				367D20281E3623FF00AEC6AD /* PBXTargetDependency */,
			);
			name = TwTNews;
			productName = TwTNews;
			productReference = 367D20131E3623FF00AEC6AD /* TwTNews.app */;
			productType = "com.apple.product-type.application";
		};
		367D20241E3623FF00AEC6AD /* TwTNews WatchKit App */ = {
			isa = PBXNativeTarget;
			buildConfigurationList = 367D204A1E3623FF00AEC6AD /* Build configuration list for PBXNativeTarget "TwTNews WatchKit App" */;
			buildPhases = (
				35778B54632CE3F44564F539 /* [CP] Check Pods Manifest.lock */,
				367D20231E3623FF00AEC6AD /* Resources */,
				367D20491E3623FF00AEC6AD /* Embed App Extensions */,
				83102916470C6141D0C845C1 /* Frameworks */,
				F62E8B70F6BD0844A5C07433 /* [CP] Copy Pods Resources */,
			);
			buildRules = (
			);
			dependencies = (
				367D20371E3623FF00AEC6AD /* PBXTargetDependency */,
			);
			name = "TwTNews WatchKit App";
			productName = "TwTNews WatchKit App";
			productReference = 367D20251E3623FF00AEC6AD /* TwTNews WatchKit App.app */;
			productType = "com.apple.product-type.application.watchapp2";
		};
		367D20331E3623FF00AEC6AD /* TwTNews WatchKit Extension */ = {
			isa = PBXNativeTarget;
			buildConfigurationList = 367D20461E3623FF00AEC6AD /* Build configuration list for PBXNativeTarget "TwTNews WatchKit Extension" */;
			buildPhases = (
				5E6C3D73128826EEF2AF40CD /* [CP] Check Pods Manifest.lock */,
				367D20301E3623FF00AEC6AD /* Sources */,
				367D20311E3623FF00AEC6AD /* Frameworks */,
				367D20321E3623FF00AEC6AD /* Resources */,
				7CB873D9865F67EBB6A97B3E /* [CP] Embed Pods Frameworks */,
				046298460E802430EBCB4C1F /* [CP] Copy Pods Resources */,
			);
			buildRules = (
			);
			dependencies = (
			);
			name = "TwTNews WatchKit Extension";
			productName = "TwTNews WatchKit Extension";
			productReference = 367D20341E3623FF00AEC6AD /* TwTNews WatchKit Extension.appex */;
			productType = "com.apple.product-type.watchkit2-extension";
		};
/* End PBXNativeTarget section */

/* Begin PBXProject section */
		367D200B1E3623FF00AEC6AD /* Project object */ = {
			isa = PBXProject;
			attributes = {
				LastSwiftUpdateCheck = 0810;
				LastUpgradeCheck = 0810;
				ORGANIZATIONNAME = Halcao;
				TargetAttributes = {
					367D20121E3623FF00AEC6AD = {
						CreatedOnToolsVersion = 8.1;
						LastSwiftMigration = 0810;
						ProvisioningStyle = Automatic;
					};
					367D20241E3623FF00AEC6AD = {
						CreatedOnToolsVersion = 8.1;
						LastSwiftMigration = 0810;
						ProvisioningStyle = Automatic;
					};
					367D20331E3623FF00AEC6AD = {
						CreatedOnToolsVersion = 8.1;
						LastSwiftMigration = 0810;
						ProvisioningStyle = Automatic;
					};
				};
			};
			buildConfigurationList = 367D200E1E3623FF00AEC6AD /* Build configuration list for PBXProject "TwTNews" */;
			compatibilityVersion = "Xcode 3.2";
			developmentRegion = English;
			hasScannedForEncodings = 0;
			knownRegions = (
				en,
				Base,
			);
			mainGroup = 367D200A1E3623FF00AEC6AD;
			productRefGroup = 367D20141E3623FF00AEC6AD /* Products */;
			projectDirPath = "";
			projectRoot = "";
			targets = (
				367D20121E3623FF00AEC6AD /* TwTNews */,
				367D20241E3623FF00AEC6AD /* TwTNews WatchKit App */,
				367D20331E3623FF00AEC6AD /* TwTNews WatchKit Extension */,
			);
		};
/* End PBXProject section */

/* Begin PBXResourcesBuildPhase section */
		367D20111E3623FF00AEC6AD /* Resources */ = {
			isa = PBXResourcesBuildPhase;
			buildActionMask = 2147483647;
			files = (
				367D20211E3623FF00AEC6AD /* LaunchScreen.storyboard in Resources */,
				367D201E1E3623FF00AEC6AD /* Assets.xcassets in Resources */,
				367D201C1E3623FF00AEC6AD /* Main.storyboard in Resources */,
				36D41DD31E36694200D22CDD /* AppIcon.png in Resources */,
			);
			runOnlyForDeploymentPostprocessing = 0;
		};
		367D20231E3623FF00AEC6AD /* Resources */ = {
			isa = PBXResourcesBuildPhase;
			buildActionMask = 2147483647;
			files = (
				367D202E1E3623FF00AEC6AD /* Assets.xcassets in Resources */,
				367D202C1E3623FF00AEC6AD /* Interface.storyboard in Resources */,
				36D41DD41E36694200D22CDD /* AppIcon.png in Resources */,
			);
			runOnlyForDeploymentPostprocessing = 0;
		};
		367D20321E3623FF00AEC6AD /* Resources */ = {
			isa = PBXResourcesBuildPhase;
			buildActionMask = 2147483647;
			files = (
				367D20421E3623FF00AEC6AD /* Assets.xcassets in Resources */,
				36D41DD51E36694200D22CDD /* AppIcon.png in Resources */,
			);
			runOnlyForDeploymentPostprocessing = 0;
		};
/* End PBXResourcesBuildPhase section */

/* Begin PBXShellScriptBuildPhase section */
		046298460E802430EBCB4C1F /* [CP] Copy Pods Resources */ = {
			isa = PBXShellScriptBuildPhase;
			buildActionMask = 2147483647;
			files = (
			);
			inputPaths = (
			);
			name = "[CP] Copy Pods Resources";
			outputPaths = (
			);
			runOnlyForDeploymentPostprocessing = 0;
			shellPath = /bin/sh;
			shellScript = "\"${SRCROOT}/Pods/Target Support Files/Pods-TwTNews WatchKit Extension/Pods-TwTNews WatchKit Extension-resources.sh\"\n";
			showEnvVarsInLog = 0;
		};
		35778B54632CE3F44564F539 /* [CP] Check Pods Manifest.lock */ = {
			isa = PBXShellScriptBuildPhase;
			buildActionMask = 2147483647;
			files = (
			);
			inputPaths = (
			);
			name = "[CP] Check Pods Manifest.lock";
			outputPaths = (
			);
			runOnlyForDeploymentPostprocessing = 0;
			shellPath = /bin/sh;
			shellScript = "diff \"${PODS_ROOT}/../Podfile.lock\" \"${PODS_ROOT}/Manifest.lock\" > /dev/null\nif [[ $? != 0 ]] ; then\n    cat << EOM\nerror: The sandbox is not in sync with the Podfile.lock. Run 'pod install' or update your CocoaPods installation.\nEOM\n    exit 1\nfi\n";
			showEnvVarsInLog = 0;
		};
		54A133CEB479FA37ED33B6F5 /* [CP] Embed Pods Frameworks */ = {
			isa = PBXShellScriptBuildPhase;
			buildActionMask = 2147483647;
			files = (
			);
			inputPaths = (
			);
			name = "[CP] Embed Pods Frameworks";
			outputPaths = (
			);
			runOnlyForDeploymentPostprocessing = 0;
			shellPath = /bin/sh;
			shellScript = "\"${SRCROOT}/Pods/Target Support Files/Pods-TwTNews/Pods-TwTNews-frameworks.sh\"\n";
			showEnvVarsInLog = 0;
		};
		5E6C3D73128826EEF2AF40CD /* [CP] Check Pods Manifest.lock */ = {
			isa = PBXShellScriptBuildPhase;
			buildActionMask = 2147483647;
			files = (
			);
			inputPaths = (
			);
			name = "[CP] Check Pods Manifest.lock";
			outputPaths = (
			);
			runOnlyForDeploymentPostprocessing = 0;
			shellPath = /bin/sh;
			shellScript = "diff \"${PODS_ROOT}/../Podfile.lock\" \"${PODS_ROOT}/Manifest.lock\" > /dev/null\nif [[ $? != 0 ]] ; then\n    cat << EOM\nerror: The sandbox is not in sync with the Podfile.lock. Run 'pod install' or update your CocoaPods installation.\nEOM\n    exit 1\nfi\n";
			showEnvVarsInLog = 0;
		};
		7CB873D9865F67EBB6A97B3E /* [CP] Embed Pods Frameworks */ = {
			isa = PBXShellScriptBuildPhase;
			buildActionMask = 2147483647;
			files = (
			);
			inputPaths = (
			);
			name = "[CP] Embed Pods Frameworks";
			outputPaths = (
			);
			runOnlyForDeploymentPostprocessing = 0;
			shellPath = /bin/sh;
			shellScript = "\"${SRCROOT}/Pods/Target Support Files/Pods-TwTNews WatchKit Extension/Pods-TwTNews WatchKit Extension-frameworks.sh\"\n";
			showEnvVarsInLog = 0;
		};
		B019B57D12EC13C76575CEE2 /* [CP] Copy Pods Resources */ = {
			isa = PBXShellScriptBuildPhase;
			buildActionMask = 2147483647;
			files = (
			);
			inputPaths = (
			);
			name = "[CP] Copy Pods Resources";
			outputPaths = (
			);
			runOnlyForDeploymentPostprocessing = 0;
			shellPath = /bin/sh;
			shellScript = "\"${SRCROOT}/Pods/Target Support Files/Pods-TwTNews/Pods-TwTNews-resources.sh\"\n";
			showEnvVarsInLog = 0;
		};
		B21BDCDF4291C998CB8287B3 /* [CP] Check Pods Manifest.lock */ = {
			isa = PBXShellScriptBuildPhase;
			buildActionMask = 2147483647;
			files = (
			);
			inputPaths = (
			);
			name = "[CP] Check Pods Manifest.lock";
			outputPaths = (
			);
			runOnlyForDeploymentPostprocessing = 0;
			shellPath = /bin/sh;
			shellScript = "diff \"${PODS_ROOT}/../Podfile.lock\" \"${PODS_ROOT}/Manifest.lock\" > /dev/null\nif [[ $? != 0 ]] ; then\n    cat << EOM\nerror: The sandbox is not in sync with the Podfile.lock. Run 'pod install' or update your CocoaPods installation.\nEOM\n    exit 1\nfi\n";
			showEnvVarsInLog = 0;
		};
		F62E8B70F6BD0844A5C07433 /* [CP] Copy Pods Resources */ = {
			isa = PBXShellScriptBuildPhase;
			buildActionMask = 2147483647;
			files = (
			);
			inputPaths = (
			);
			name = "[CP] Copy Pods Resources";
			outputPaths = (
			);
			runOnlyForDeploymentPostprocessing = 0;
			shellPath = /bin/sh;
			shellScript = "\"${SRCROOT}/Pods/Target Support Files/Pods-TwTNews WatchKit App/Pods-TwTNews WatchKit App-resources.sh\"\n";
			showEnvVarsInLog = 0;
		};
/* End PBXShellScriptBuildPhase section */

/* Begin PBXSourcesBuildPhase section */
		367D200F1E3623FF00AEC6AD /* Sources */ = {
			isa = PBXSourcesBuildPhase;
			buildActionMask = 2147483647;
			files = (
				367D20191E3623FF00AEC6AD /* ViewController.swift in Sources */,
				367D20171E3623FF00AEC6AD /* AppDelegate.swift in Sources */,
			);
			runOnlyForDeploymentPostprocessing = 0;
		};
		367D20301E3623FF00AEC6AD /* Sources */ = {
			isa = PBXSourcesBuildPhase;
			buildActionMask = 2147483647;
			files = (
				36E2E2E81E3BA1DB00CCCE79 /* GPARowView.swift in Sources */,
				36E2E2EA1E3BA2E900CCCE79 /* GPAHelper.swift in Sources */,
				369112DB1E3642080003FBE6 /* NewsModel.swift in Sources */,
				36D41DD11E365A8D00D22CDD /* NewsDetailController.swift in Sources */,
				369112D31E3632010003FBE6 /* NewsInterfaceController.swift in Sources */,
				367D20401E3623FF00AEC6AD /* NotificationController.swift in Sources */,
				367D203E1E3623FF00AEC6AD /* ExtensionDelegate.swift in Sources */,
				369112D11E362F000003FBE6 /* TableInterfaceController.swift in Sources */,
				369112D51E36408B0003FBE6 /* rowController.swift in Sources */,
				36F0CA911E3A48B80041AEDE /* GPATableController.swift in Sources */,
				367D203C1E3623FF00AEC6AD /* InterfaceController.swift in Sources */,
			);
			runOnlyForDeploymentPostprocessing = 0;
		};
/* End PBXSourcesBuildPhase section */

/* Begin PBXTargetDependency section */
		367D20281E3623FF00AEC6AD /* PBXTargetDependency */ = {
			isa = PBXTargetDependency;
			target = 367D20241E3623FF00AEC6AD /* TwTNews WatchKit App */;
			targetProxy = 367D20271E3623FF00AEC6AD /* PBXContainerItemProxy */;
		};
		367D20371E3623FF00AEC6AD /* PBXTargetDependency */ = {
			isa = PBXTargetDependency;
			target = 367D20331E3623FF00AEC6AD /* TwTNews WatchKit Extension */;
			targetProxy = 367D20361E3623FF00AEC6AD /* PBXContainerItemProxy */;
		};
/* End PBXTargetDependency section */

/* Begin PBXVariantGroup section */
		367D201A1E3623FF00AEC6AD /* Main.storyboard */ = {
			isa = PBXVariantGroup;
			children = (
				367D201B1E3623FF00AEC6AD /* Base */,
			);
			name = Main.storyboard;
			sourceTree = "<group>";
		};
		367D201F1E3623FF00AEC6AD /* LaunchScreen.storyboard */ = {
			isa = PBXVariantGroup;
			children = (
				367D20201E3623FF00AEC6AD /* Base */,
			);
			name = LaunchScreen.storyboard;
			sourceTree = "<group>";
		};
		367D202A1E3623FF00AEC6AD /* Interface.storyboard */ = {
			isa = PBXVariantGroup;
			children = (
				367D202B1E3623FF00AEC6AD /* Base */,
			);
			name = Interface.storyboard;
			sourceTree = "<group>";
		};
/* End PBXVariantGroup section */

/* Begin XCBuildConfiguration section */
		367D20441E3623FF00AEC6AD /* Debug */ = {
			isa = XCBuildConfiguration;
			buildSettings = {
				ALWAYS_SEARCH_USER_PATHS = NO;
				CLANG_ANALYZER_NONNULL = YES;
				CLANG_CXX_LANGUAGE_STANDARD = "gnu++0x";
				CLANG_CXX_LIBRARY = "libc++";
				CLANG_ENABLE_MODULES = YES;
				CLANG_ENABLE_OBJC_ARC = YES;
				CLANG_WARN_BOOL_CONVERSION = YES;
				CLANG_WARN_CONSTANT_CONVERSION = YES;
				CLANG_WARN_DIRECT_OBJC_ISA_USAGE = YES_ERROR;
				CLANG_WARN_DOCUMENTATION_COMMENTS = YES;
				CLANG_WARN_EMPTY_BODY = YES;
				CLANG_WARN_ENUM_CONVERSION = YES;
				CLANG_WARN_INFINITE_RECURSION = YES;
				CLANG_WARN_INT_CONVERSION = YES;
				CLANG_WARN_OBJC_ROOT_CLASS = YES_ERROR;
				CLANG_WARN_SUSPICIOUS_MOVES = YES;
				CLANG_WARN_UNREACHABLE_CODE = YES;
				CLANG_WARN__DUPLICATE_METHOD_MATCH = YES;
				"CODE_SIGN_IDENTITY[sdk=iphoneos*]" = "iPhone Developer";
				COPY_PHASE_STRIP = NO;
				DEBUG_INFORMATION_FORMAT = dwarf;
				ENABLE_STRICT_OBJC_MSGSEND = YES;
				ENABLE_TESTABILITY = YES;
				GCC_C_LANGUAGE_STANDARD = gnu99;
				GCC_DYNAMIC_NO_PIC = NO;
				GCC_NO_COMMON_BLOCKS = YES;
				GCC_OPTIMIZATION_LEVEL = 0;
				GCC_PREPROCESSOR_DEFINITIONS = (
					"DEBUG=1",
					"$(inherited)",
				);
				GCC_WARN_64_TO_32_BIT_CONVERSION = YES;
				GCC_WARN_ABOUT_RETURN_TYPE = YES_ERROR;
				GCC_WARN_UNDECLARED_SELECTOR = YES;
				GCC_WARN_UNINITIALIZED_AUTOS = YES_AGGRESSIVE;
				GCC_WARN_UNUSED_FUNCTION = YES;
				GCC_WARN_UNUSED_VARIABLE = YES;
				IPHONEOS_DEPLOYMENT_TARGET = 10.1;
				MTL_ENABLE_DEBUG_INFO = YES;
				ONLY_ACTIVE_ARCH = YES;
				SDKROOT = iphoneos;
				SWIFT_ACTIVE_COMPILATION_CONDITIONS = DEBUG;
				SWIFT_OPTIMIZATION_LEVEL = "-Onone";
			};
			name = Debug;
		};
		367D20451E3623FF00AEC6AD /* Release */ = {
			isa = XCBuildConfiguration;
			buildSettings = {
				ALWAYS_SEARCH_USER_PATHS = NO;
				CLANG_ANALYZER_NONNULL = YES;
				CLANG_CXX_LANGUAGE_STANDARD = "gnu++0x";
				CLANG_CXX_LIBRARY = "libc++";
				CLANG_ENABLE_MODULES = YES;
				CLANG_ENABLE_OBJC_ARC = YES;
				CLANG_WARN_BOOL_CONVERSION = YES;
				CLANG_WARN_CONSTANT_CONVERSION = YES;
				CLANG_WARN_DIRECT_OBJC_ISA_USAGE = YES_ERROR;
				CLANG_WARN_DOCUMENTATION_COMMENTS = YES;
				CLANG_WARN_EMPTY_BODY = YES;
				CLANG_WARN_ENUM_CONVERSION = YES;
				CLANG_WARN_INFINITE_RECURSION = YES;
				CLANG_WARN_INT_CONVERSION = YES;
				CLANG_WARN_OBJC_ROOT_CLASS = YES_ERROR;
				CLANG_WARN_SUSPICIOUS_MOVES = YES;
				CLANG_WARN_UNREACHABLE_CODE = YES;
				CLANG_WARN__DUPLICATE_METHOD_MATCH = YES;
				"CODE_SIGN_IDENTITY[sdk=iphoneos*]" = "iPhone Developer";
				COPY_PHASE_STRIP = NO;
				DEBUG_INFORMATION_FORMAT = "dwarf-with-dsym";
				ENABLE_NS_ASSERTIONS = NO;
				ENABLE_STRICT_OBJC_MSGSEND = YES;
				GCC_C_LANGUAGE_STANDARD = gnu99;
				GCC_NO_COMMON_BLOCKS = YES;
				GCC_WARN_64_TO_32_BIT_CONVERSION = YES;
				GCC_WARN_ABOUT_RETURN_TYPE = YES_ERROR;
				GCC_WARN_UNDECLARED_SELECTOR = YES;
				GCC_WARN_UNINITIALIZED_AUTOS = YES_AGGRESSIVE;
				GCC_WARN_UNUSED_FUNCTION = YES;
				GCC_WARN_UNUSED_VARIABLE = YES;
				IPHONEOS_DEPLOYMENT_TARGET = 10.1;
				MTL_ENABLE_DEBUG_INFO = NO;
				SDKROOT = iphoneos;
				SWIFT_OPTIMIZATION_LEVEL = "-Owholemodule";
				VALIDATE_PRODUCT = YES;
			};
			name = Release;
		};
		367D20471E3623FF00AEC6AD /* Debug */ = {
			isa = XCBuildConfiguration;
			baseConfigurationReference = A8A37F93900D8923E6336A3B /* Pods-TwTNews WatchKit Extension.debug.xcconfig */;
			buildSettings = {
				ASSETCATALOG_COMPILER_COMPLICATION_NAME = Complication;
				INFOPLIST_FILE = "TwTNews WatchKit Extension/Info.plist";
				LD_RUNPATH_SEARCH_PATHS = "$(inherited) @executable_path/Frameworks @executable_path/../../Frameworks";
				PRODUCT_BUNDLE_IDENTIFIER = Hal.TwTNews.watchkitapp.watchkitextension;
				PRODUCT_NAME = "${TARGET_NAME}";
				SDKROOT = watchos;
				SKIP_INSTALL = YES;
				SWIFT_VERSION = 3.0;
				TARGETED_DEVICE_FAMILY = 4;
				WATCHOS_DEPLOYMENT_TARGET = 3.1;
			};
			name = Debug;
		};
		367D20481E3623FF00AEC6AD /* Release */ = {
			isa = XCBuildConfiguration;
			baseConfigurationReference = E0EEE35714570A48778E0748 /* Pods-TwTNews WatchKit Extension.release.xcconfig */;
			buildSettings = {
				ASSETCATALOG_COMPILER_COMPLICATION_NAME = Complication;
				INFOPLIST_FILE = "TwTNews WatchKit Extension/Info.plist";
				LD_RUNPATH_SEARCH_PATHS = "$(inherited) @executable_path/Frameworks @executable_path/../../Frameworks";
				PRODUCT_BUNDLE_IDENTIFIER = Hal.TwTNews.watchkitapp.watchkitextension;
				PRODUCT_NAME = "${TARGET_NAME}";
				SDKROOT = watchos;
				SKIP_INSTALL = YES;
				SWIFT_VERSION = 3.0;
				TARGETED_DEVICE_FAMILY = 4;
				WATCHOS_DEPLOYMENT_TARGET = 3.1;
			};
			name = Release;
		};
		367D204B1E3623FF00AEC6AD /* Debug */ = {
			isa = XCBuildConfiguration;
			baseConfigurationReference = E9D7E7AC98F1D53B009F1F07 /* Pods-TwTNews WatchKit App.debug.xcconfig */;
			buildSettings = {
				ALWAYS_EMBED_SWIFT_STANDARD_LIBRARIES = YES;
				ASSETCATALOG_COMPILER_APPICON_NAME = AppIcon;
				IBSC_MODULE = TwTNews_WatchKit_Extension;
				INFOPLIST_FILE = "TwTNews WatchKit App/Info.plist";
				PRODUCT_BUNDLE_IDENTIFIER = Hal.TwTNews.watchkitapp;
				PRODUCT_NAME = "$(TARGET_NAME)";
				SDKROOT = watchos;
				SKIP_INSTALL = YES;
				SWIFT_VERSION = 3.0;
				TARGETED_DEVICE_FAMILY = 4;
				WATCHOS_DEPLOYMENT_TARGET = 3.1;
			};
			name = Debug;
		};
		367D204C1E3623FF00AEC6AD /* Release */ = {
			isa = XCBuildConfiguration;
			baseConfigurationReference = CE1E653B2A08A942FE88AF18 /* Pods-TwTNews WatchKit App.release.xcconfig */;
			buildSettings = {
				ALWAYS_EMBED_SWIFT_STANDARD_LIBRARIES = YES;
				ASSETCATALOG_COMPILER_APPICON_NAME = AppIcon;
				IBSC_MODULE = TwTNews_WatchKit_Extension;
				INFOPLIST_FILE = "TwTNews WatchKit App/Info.plist";
				PRODUCT_BUNDLE_IDENTIFIER = Hal.TwTNews.watchkitapp;
				PRODUCT_NAME = "$(TARGET_NAME)";
				SDKROOT = watchos;
				SKIP_INSTALL = YES;
				SWIFT_VERSION = 3.0;
				TARGETED_DEVICE_FAMILY = 4;
				WATCHOS_DEPLOYMENT_TARGET = 3.1;
			};
			name = Release;
		};
		367D204F1E3623FF00AEC6AD /* Debug */ = {
			isa = XCBuildConfiguration;
			baseConfigurationReference = CD852909970F085391B9EBB2 /* Pods-TwTNews.debug.xcconfig */;
			buildSettings = {
				ASSETCATALOG_COMPILER_APPICON_NAME = AppIcon;
				INFOPLIST_FILE = TwTNews/Info.plist;
				LD_RUNPATH_SEARCH_PATHS = "$(inherited) @executable_path/Frameworks";
				PRODUCT_BUNDLE_IDENTIFIER = Hal.TwTNews;
				PRODUCT_NAME = "$(TARGET_NAME)";
				SWIFT_VERSION = 3.0;
			};
			name = Debug;
		};
		367D20501E3623FF00AEC6AD /* Release */ = {
			isa = XCBuildConfiguration;
			baseConfigurationReference = 9310B4F546FA27095D2E0100 /* Pods-TwTNews.release.xcconfig */;
			buildSettings = {
				ASSETCATALOG_COMPILER_APPICON_NAME = AppIcon;
				INFOPLIST_FILE = TwTNews/Info.plist;
				LD_RUNPATH_SEARCH_PATHS = "$(inherited) @executable_path/Frameworks";
				PRODUCT_BUNDLE_IDENTIFIER = Hal.TwTNews;
				PRODUCT_NAME = "$(TARGET_NAME)";
				SWIFT_VERSION = 3.0;
			};
			name = Release;
		};
/* End XCBuildConfiguration section */

/* Begin XCConfigurationList section */
		367D200E1E3623FF00AEC6AD /* Build configuration list for PBXProject "TwTNews" */ = {
			isa = XCConfigurationList;
			buildConfigurations = (
				367D20441E3623FF00AEC6AD /* Debug */,
				367D20451E3623FF00AEC6AD /* Release */,
			);
			defaultConfigurationIsVisible = 0;
			defaultConfigurationName = Release;
		};
		367D20461E3623FF00AEC6AD /* Build configuration list for PBXNativeTarget "TwTNews WatchKit Extension" */ = {
			isa = XCConfigurationList;
			buildConfigurations = (
				367D20471E3623FF00AEC6AD /* Debug */,
				367D20481E3623FF00AEC6AD /* Release */,
			);
			defaultConfigurationIsVisible = 0;
			defaultConfigurationName = Release;
		};
		367D204A1E3623FF00AEC6AD /* Build configuration list for PBXNativeTarget "TwTNews WatchKit App" */ = {
			isa = XCConfigurationList;
			buildConfigurations = (
				367D204B1E3623FF00AEC6AD /* Debug */,
				367D204C1E3623FF00AEC6AD /* Release */,
			);
			defaultConfigurationIsVisible = 0;
			defaultConfigurationName = Release;
		};
		367D204E1E3623FF00AEC6AD /* Build configuration list for PBXNativeTarget "TwTNews" */ = {
			isa = XCConfigurationList;
			buildConfigurations = (
				367D204F1E3623FF00AEC6AD /* Debug */,
				367D20501E3623FF00AEC6AD /* Release */,
			);
			defaultConfigurationIsVisible = 0;
			defaultConfigurationName = Release;
		};
/* End XCConfigurationList section */
	};
	rootObject = 367D200B1E3623FF00AEC6AD /* Project object */;
}
